
Microsoft Visual Studio Solution File, Format Version 12.00
# Visual Studio Version 16
VisualStudioVersion = 16.0.32126.315
MinimumVisualStudioVersion = 10.0.40219.1
Project("{FAE04EC0-301F-11D3-BF4B-00C04F79EFBC}") = "game_mikheil abuladze", "game\game_mikheil abuladze.csproj", "{9B4A91DE-6046-41F1-91B8-3AA7BC7EF8CB}"
EndProject
Global
	GlobalSection(SolutionConfigurationPlatforms) = preSolution
		Debug|Any CPU = Debug|Any CPU
		Release|Any CPU = Release|Any CPU
	EndGlobalSection
	GlobalSection(ProjectConfigurationPlatforms) = postSolution
		{9B4A91DE-6046-41F1-91B8-3AA7BC7EF8CB}.Debug|Any CPU.ActiveCfg = Debug|Any CPU
		{9B4A91DE-6046-41F1-91B8-3AA7BC7EF8CB}.Debug|Any CPU.Build.0 = Debug|Any CPU
		{9B4A91DE-6046-41F1-91B8-3AA7BC7EF8CB}.Release|Any CPU.ActiveCfg = Release|Any CPU
		{9B4A91DE-6046-41F1-91B8-3AA7BC7EF8CB}.Release|Any CPU.Build.0 = Release|Any CPU
	EndGlobalSection
	GlobalSection(SolutionProperties) = preSolution
		HideSolutionNode = FALSE
	EndGlobalSection
	GlobalSection(ExtensibilityGlobals) = postSolution
		SolutionGuid = {3C8731AE-61FA-4298-88DF-93E1649A0121}
	EndGlobalSection
EndGlobal
